
Microsoft Visual Studio Solution File, Format Version 12.00
# Visual Studio Version 17
VisualStudioVersion = 17.12.35707.178 d17.12
MinimumVisualStudioVersion = 10.0.40219.1
Project("{FAE04EC0-301F-11D3-BF4B-00C04F79EFBC}") = "Capa.Datos", "practica_proveedores\Capa.Datos.csproj", "{345324FB-A1CC-4C6F-A141-2B79D465426D}"
EndProject
Project("{FAE04EC0-301F-11D3-BF4B-00C04F79EFBC}") = "Capa.Negocios", "Capa.Negocios\Capa.Negocios.csproj", "{5F36866C-61F1-42B8-BB32-0AA7F772343A}"
EndProject
Project("{FAE04EC0-301F-11D3-BF4B-00C04F79EFBC}") = "Capa.Presentacion", "Capa.Presentacion\Capa.Presentacion.csproj", "{A8475CAB-4C0E-4172-BFCE-2FD75F14AA2C}"
EndProject
Global
	GlobalSection(SolutionConfigurationPlatforms) = preSolution
		Debug|Any CPU = Debug|Any CPU
		Release|Any CPU = Release|Any CPU
	EndGlobalSection
	GlobalSection(ProjectConfigurationPlatforms) = postSolution
		{345324FB-A1CC-4C6F-A141-2B79D465426D}.Debug|Any CPU.ActiveCfg = Debug|Any CPU
		{345324FB-A1CC-4C6F-A141-2B79D465426D}.Debug|Any CPU.Build.0 = Debug|Any CPU
		{345324FB-A1CC-4C6F-A141-2B79D465426D}.Release|Any CPU.ActiveCfg = Release|Any CPU
		{345324FB-A1CC-4C6F-A141-2B79D465426D}.Release|Any CPU.Build.0 = Release|Any CPU
		{5F36866C-61F1-42B8-BB32-0AA7F772343A}.Debug|Any CPU.ActiveCfg = Debug|Any CPU
		{5F36866C-61F1-42B8-BB32-0AA7F772343A}.Debug|Any CPU.Build.0 = Debug|Any CPU
		{5F36866C-61F1-42B8-BB32-0AA7F772343A}.Release|Any CPU.ActiveCfg = Release|Any CPU
		{5F36866C-61F1-42B8-BB32-0AA7F772343A}.Release|Any CPU.Build.0 = Release|Any CPU
		{A8475CAB-4C0E-4172-BFCE-2FD75F14AA2C}.Debug|Any CPU.ActiveCfg = Debug|Any CPU
		{A8475CAB-4C0E-4172-BFCE-2FD75F14AA2C}.Debug|Any CPU.Build.0 = Debug|Any CPU
		{A8475CAB-4C0E-4172-BFCE-2FD75F14AA2C}.Release|Any CPU.ActiveCfg = Release|Any CPU
		{A8475CAB-4C0E-4172-BFCE-2FD75F14AA2C}.Release|Any CPU.Build.0 = Release|Any CPU
	EndGlobalSection
	GlobalSection(SolutionProperties) = preSolution
		HideSolutionNode = FALSE
	EndGlobalSection
EndGlobal
